
Microsoft Visual Studio Solution File, Format Version 12.00
# Visual Studio Version 16
VisualStudioVersion = 16.0.29215.179
MinimumVisualStudioVersion = 10.0.40219.1
Project("{FAE04EC0-301F-11D3-BF4B-00C04F79EFBC}") = "SalesWebMvc", "SalesWebMvc.csproj", "{9CB2B635-E296-4925-A0CD-6F4A216CFEA1}"
EndProject
Global
	GlobalSection(SolutionConfigurationPlatforms) = preSolution
		Debug|Any CPU = Debug|Any CPU
		Release|Any CPU = Release|Any CPU
	EndGlobalSection
	GlobalSection(ProjectConfigurationPlatforms) = postSolution
		{9CB2B635-E296-4925-A0CD-6F4A216CFEA1}.Debug|Any CPU.ActiveCfg = Debug|Any CPU
		{9CB2B635-E296-4925-A0CD-6F4A216CFEA1}.Debug|Any CPU.Build.0 = Debug|Any CPU
		{9CB2B635-E296-4925-A0CD-6F4A216CFEA1}.Release|Any CPU.ActiveCfg = Release|Any CPU
		{9CB2B635-E296-4925-A0CD-6F4A216CFEA1}.Release|Any CPU.Build.0 = Release|Any CPU
	EndGlobalSection
	GlobalSection(SolutionProperties) = preSolution
		HideSolutionNode = FALSE
	EndGlobalSection
	GlobalSection(ExtensibilityGlobals) = postSolution
		SolutionGuid = {08E35878-3238-429A-A049-237E876993A3}
	EndGlobalSection
EndGlobal
